// !$*UTF8*$!
{
	archiveVersion = 1;
	classes = {
	};
	objectVersion = 48;
	objects = {

/* Begin PBXBuildFile section */
		A914CEC5209959A700EF8B29 /* AppDelegate.swift in Sources */ = {isa = PBXBuildFile; fileRef = A914CEC4209959A700EF8B29 /* AppDelegate.swift */; };
		A914CEC7209959A700EF8B29 /* ViewController.swift in Sources */ = {isa = PBXBuildFile; fileRef = A914CEC6209959A700EF8B29 /* ViewController.swift */; };
		A914CECA209959A700EF8B29 /* Main.storyboard in Resources */ = {isa = PBXBuildFile; fileRef = A914CEC8209959A700EF8B29 /* Main.storyboard */; };
		A914CECC209959A700EF8B29 /* Assets.xcassets in Resources */ = {isa = PBXBuildFile; fileRef = A914CECB209959A700EF8B29 /* Assets.xcassets */; };
		A914CECF209959A700EF8B29 /* LaunchScreen.storyboard in Resources */ = {isa = PBXBuildFile; fileRef = A914CECD209959A700EF8B29 /* LaunchScreen.storyboard */; };
		A914CEDB20995BDA00EF8B29 /* IncorrectBuzz.wav in Resources */ = {isa = PBXBuildFile; fileRef = A914CED920995BDA00EF8B29 /* IncorrectBuzz.wav */; };
		A914CEDC20995BDA00EF8B29 /* CorrectDing.wav in Resources */ = {isa = PBXBuildFile; fileRef = A914CEDA20995BDA00EF8B29 /* CorrectDing.wav */; };
		A933360B20A2AACE00088107 /* Game.swift in Sources */ = {isa = PBXBuildFile; fileRef = A933360A20A2AACE00088107 /* Game.swift */; };
		A995676D20B148BD00D30815 /* PlayAgainViewController.swift in Sources */ = {isa = PBXBuildFile; fileRef = A995676C20B148BD00D30815 /* PlayAgainViewController.swift */; };
		A995676F20B148CF00D30815 /* WebViewController.swift in Sources */ = {isa = PBXBuildFile; fileRef = A995676E20B148CF00D30815 /* WebViewController.swift */; };
		A9DE7EB720A3C2D60047EA9C /* Event.swift in Sources */ = {isa = PBXBuildFile; fileRef = A9DE7EB620A3C2D60047EA9C /* Event.swift */; };
		A9DE7EB920A3C2EE0047EA9C /* Round.swift in Sources */ = {isa = PBXBuildFile; fileRef = A9DE7EB820A3C2EE0047EA9C /* Round.swift */; };
/* End PBXBuildFile section */

/* Begin PBXFileReference section */
		A914CEC1209959A700EF8B29 /* BoutTime.app */ = {isa = PBXFileReference; explicitFileType = wrapper.application; includeInIndex = 0; path = BoutTime.app; sourceTree = BUILT_PRODUCTS_DIR; };
		A914CEC4209959A700EF8B29 /* AppDelegate.swift */ = {isa = PBXFileReference; lastKnownFileType = sourcecode.swift; path = AppDelegate.swift; sourceTree = "<group>"; };
		A914CEC6209959A700EF8B29 /* ViewController.swift */ = {isa = PBXFileReference; lastKnownFileType = sourcecode.swift; path = ViewController.swift; sourceTree = "<group>"; };
		A914CEC9209959A700EF8B29 /* Base */ = {isa = PBXFileReference; lastKnownFileType = file.storyboard; name = Base; path = Base.lproj/Main.storyboard; sourceTree = "<group>"; };
		A914CECB209959A700EF8B29 /* Assets.xcassets */ = {isa = PBXFileReference; lastKnownFileType = folder.assetcatalog; path = Assets.xcassets; sourceTree = "<group>"; };
		A914CECE209959A700EF8B29 /* Base */ = {isa = PBXFileReference; lastKnownFileType = file.storyboard; name = Base; path = Base.lproj/LaunchScreen.storyboard; sourceTree = "<group>"; };
		A914CED0209959A700EF8B29 /* Info.plist */ = {isa = PBXFileReference; lastKnownFileType = text.plist.xml; path = Info.plist; sourceTree = "<group>"; };
		A914CED920995BDA00EF8B29 /* IncorrectBuzz.wav */ = {isa = PBXFileReference; lastKnownFileType = audio.wav; path = IncorrectBuzz.wav; sourceTree = "<group>"; };
		A914CEDA20995BDA00EF8B29 /* CorrectDing.wav */ = {isa = PBXFileReference; lastKnownFileType = audio.wav; path = CorrectDing.wav; sourceTree = "<group>"; };
		A933360A20A2AACE00088107 /* Game.swift */ = {isa = PBXFileReference; lastKnownFileType = sourcecode.swift; path = Game.swift; sourceTree = "<group>"; };
		A995676C20B148BD00D30815 /* PlayAgainViewController.swift */ = {isa = PBXFileReference; lastKnownFileType = sourcecode.swift; path = PlayAgainViewController.swift; sourceTree = "<group>"; };
		A995676E20B148CF00D30815 /* WebViewController.swift */ = {isa = PBXFileReference; lastKnownFileType = sourcecode.swift; path = WebViewController.swift; sourceTree = "<group>"; };
		A9DE7EB620A3C2D60047EA9C /* Event.swift */ = {isa = PBXFileReference; lastKnownFileType = sourcecode.swift; path = Event.swift; sourceTree = "<group>"; };
		A9DE7EB820A3C2EE0047EA9C /* Round.swift */ = {isa = PBXFileReference; lastKnownFileType = sourcecode.swift; path = Round.swift; sourceTree = "<group>"; };
/* End PBXFileReference section */

/* Begin PBXFrameworksBuildPhase section */
		A914CEBE209959A700EF8B29 /* Frameworks */ = {
			isa = PBXFrameworksBuildPhase;
			buildActionMask = 2147483647;
			files = (
			);
			runOnlyForDeploymentPostprocessing = 0;
		};
/* End PBXFrameworksBuildPhase section */

/* Begin PBXGroup section */
		A914CEB8209959A700EF8B29 = {
			isa = PBXGroup;
			children = (
				A914CEC3209959A700EF8B29 /* BoutTime */,
				A914CEC2209959A700EF8B29 /* Products */,
			);
			sourceTree = "<group>";
		};
		A914CEC2209959A700EF8B29 /* Products */ = {
			isa = PBXGroup;
			children = (
				A914CEC1209959A700EF8B29 /* BoutTime.app */,
			);
			name = Products;
			sourceTree = "<group>";
		};
		A914CEC3209959A700EF8B29 /* BoutTime */ = {
			isa = PBXGroup;
			children = (
				A914CED820995B7A00EF8B29 /* Sounds */,
				A914CED620995B5800EF8B29 /* Models */,
				A914CEC4209959A700EF8B29 /* AppDelegate.swift */,
				A914CEC6209959A700EF8B29 /* ViewController.swift */,
				A914CEC8209959A700EF8B29 /* Main.storyboard */,
				A914CECB209959A700EF8B29 /* Assets.xcassets */,
				A914CECD209959A700EF8B29 /* LaunchScreen.storyboard */,
				A914CED0209959A700EF8B29 /* Info.plist */,
				A933360A20A2AACE00088107 /* Game.swift */,
				A995676C20B148BD00D30815 /* PlayAgainViewController.swift */,
				A995676E20B148CF00D30815 /* WebViewController.swift */,
			);
			path = BoutTime;
			sourceTree = "<group>";
		};
		A914CED620995B5800EF8B29 /* Models */ = {
			isa = PBXGroup;
			children = (
				A9DE7EB620A3C2D60047EA9C /* Event.swift */,
				A9DE7EB820A3C2EE0047EA9C /* Round.swift */,
			);
			path = Models;
			sourceTree = "<group>";
		};
		A914CED820995B7A00EF8B29 /* Sounds */ = {
			isa = PBXGroup;
			children = (
				A914CEDA20995BDA00EF8B29 /* CorrectDing.wav */,
				A914CED920995BDA00EF8B29 /* IncorrectBuzz.wav */,
			);
			path = Sounds;
			sourceTree = "<group>";
		};
/* End PBXGroup section */

/* Begin PBXNativeTarget section */
		A914CEC0209959A700EF8B29 /* BoutTime */ = {
			isa = PBXNativeTarget;
			buildConfigurationList = A914CED3209959A700EF8B29 /* Build configuration list for PBXNativeTarget "BoutTime" */;
			buildPhases = (
				A914CEBD209959A700EF8B29 /* Sources */,
				A914CEBE209959A700EF8B29 /* Frameworks */,
				A914CEBF209959A700EF8B29 /* Resources */,
			);
			buildRules = (
			);
			dependencies = (
			);
			name = BoutTime;
			productName = BoutTime;
			productReference = A914CEC1209959A700EF8B29 /* BoutTime.app */;
			productType = "com.apple.product-type.application";
		};
/* End PBXNativeTarget section */

/* Begin PBXProject section */
		A914CEB9209959A700EF8B29 /* Project object */ = {
			isa = PBXProject;
			attributes = {
				LastSwiftUpdateCheck = 0920;
				LastUpgradeCheck = 0920;
				ORGANIZATIONNAME = mfukuoka;
				TargetAttributes = {
					A914CEC0209959A700EF8B29 = {
						CreatedOnToolsVersion = 9.2;
						ProvisioningStyle = Automatic;
					};
				};
			};
			buildConfigurationList = A914CEBC209959A700EF8B29 /* Build configuration list for PBXProject "BoutTime" */;
			compatibilityVersion = "Xcode 8.0";
			developmentRegion = en;
			hasScannedForEncodings = 0;
			knownRegions = (
				en,
				Base,
			);
			mainGroup = A914CEB8209959A700EF8B29;
			productRefGroup = A914CEC2209959A700EF8B29 /* Products */;
			projectDirPath = "";
			projectRoot = "";
			targets = (
				A914CEC0209959A700EF8B29 /* BoutTime */,
			);
		};
/* End PBXProject section */

/* Begin PBXResourcesBuildPhase section */
		A914CEBF209959A700EF8B29 /* Resources */ = {
			isa = PBXResourcesBuildPhase;
			buildActionMask = 2147483647;
			files = (
				A914CEDC20995BDA00EF8B29 /* CorrectDing.wav in Resources */,
				A914CECF209959A700EF8B29 /* LaunchScreen.storyboard in Resources */,
				A914CEDB20995BDA00EF8B29 /* IncorrectBuzz.wav in Resources */,
				A914CECC209959A700EF8B29 /* Assets.xcassets in Resources */,
				A914CECA209959A700EF8B29 /* Main.storyboard in Resources */,
			);
			runOnlyForDeploymentPostprocessing = 0;
		};
/* End PBXResourcesBuildPhase section */

/* Begin PBXSourcesBuildPhase section */
		A914CEBD209959A700EF8B29 /* Sources */ = {
			isa = PBXSourcesBuildPhase;
			buildActionMask = 2147483647;
			files = (
				A9DE7EB720A3C2D60047EA9C /* Event.swift in Sources */,
				A914CEC7209959A700EF8B29 /* ViewController.swift in Sources */,
				A933360B20A2AACE00088107 /* Game.swift in Sources */,
				A995676D20B148BD00D30815 /* PlayAgainViewController.swift in Sources */,
				A995676F20B148CF00D30815 /* WebViewController.swift in Sources */,
				A9DE7EB920A3C2EE0047EA9C /* Round.swift in Sources */,
				A914CEC5209959A700EF8B29 /* AppDelegate.swift in Sources */,
			);
			runOnlyForDeploymentPostprocessing = 0;
		};
/* End PBXSourcesBuildPhase section */

/* Begin PBXVariantGroup section */
		A914CEC8209959A700EF8B29 /* Main.storyboard */ = {
			isa = PBXVariantGroup;
			children = (
				A914CEC9209959A700EF8B29 /* Base */,
			);
			name = Main.storyboard;
			sourceTree = "<group>";
		};
		A914CECD209959A700EF8B29 /* LaunchScreen.storyboard */ = {
			isa = PBXVariantGroup;
			children = (
				A914CECE209959A700EF8B29 /* Base */,
			);
			name = LaunchScreen.storyboard;
			sourceTree = "<group>";
		};
/* End PBXVariantGroup section */

/* Begin XCBuildConfiguration section */
		A914CED1209959A700EF8B29 /* Debug */ = {
			isa = XCBuildConfiguration;
			buildSettings = {
				ALWAYS_SEARCH_USER_PATHS = NO;
				CLANG_ANALYZER_NONNULL = YES;
				CLANG_ANALYZER_NUMBER_OBJECT_CONVERSION = YES_AGGRESSIVE;
				CLANG_CXX_LANGUAGE_STANDARD = "gnu++14";
				CLANG_CXX_LIBRARY = "libc++";
				CLANG_ENABLE_MODULES = YES;
				CLANG_ENABLE_OBJC_ARC = YES;
				CLANG_WARN_BLOCK_CAPTURE_AUTORELEASING = YES;
				CLANG_WARN_BOOL_CONVERSION = YES;
				CLANG_WARN_COMMA = YES;
				CLANG_WARN_CONSTANT_CONVERSION = YES;
				CLANG_WARN_DIRECT_OBJC_ISA_USAGE = YES_ERROR;
				CLANG_WARN_DOCUMENTATION_COMMENTS = YES;
				CLANG_WARN_EMPTY_BODY = YES;
				CLANG_WARN_ENUM_CONVERSION = YES;
				CLANG_WARN_INFINITE_RECURSION = YES;
				CLANG_WARN_INT_CONVERSION = YES;
				CLANG_WARN_NON_LITERAL_NULL_CONVERSION = YES;
				CLANG_WARN_OBJC_LITERAL_CONVERSION = YES;
				CLANG_WARN_OBJC_ROOT_CLASS = YES_ERROR;
				CLANG_WARN_RANGE_LOOP_ANALYSIS = YES;
				CLANG_WARN_STRICT_PROTOTYPES = YES;
				CLANG_WARN_SUSPICIOUS_MOVE = YES;
				CLANG_WARN_UNGUARDED_AVAILABILITY = YES_AGGRESSIVE;
				CLANG_WARN_UNREACHABLE_CODE = YES;
				CLANG_WARN__DUPLICATE_METHOD_MATCH = YES;
				CODE_SIGN_IDENTITY = "iPhone Developer";
				COPY_PHASE_STRIP = NO;
				DEBUG_INFORMATION_FORMAT = dwarf;
				ENABLE_STRICT_OBJC_MSGSEND = YES;
				ENABLE_TESTABILITY = YES;
				GCC_C_LANGUAGE_STANDARD = gnu11;
				GCC_DYNAMIC_NO_PIC = NO;
				GCC_NO_COMMON_BLOCKS = YES;
				GCC_OPTIMIZATION_LEVEL = 0;
				GCC_PREPROCESSOR_DEFINITIONS = (
					"DEBUG=1",
					"$(inherited)",
				);
				GCC_WARN_64_TO_32_BIT_CONVERSION = YES;
				GCC_WARN_ABOUT_RETURN_TYPE = YES_ERROR;
				GCC_WARN_UNDECLARED_SELECTOR = YES;
				GCC_WARN_UNINITIALIZED_AUTOS = YES_AGGRESSIVE;
				GCC_WARN_UNUSED_FUNCTION = YES;
				GCC_WARN_UNUSED_VARIABLE = YES;
				IPHONEOS_DEPLOYMENT_TARGET = 11.2;
				MTL_ENABLE_DEBUG_INFO = YES;
				ONLY_ACTIVE_ARCH = YES;
				SDKROOT = iphoneos;
				SWIFT_ACTIVE_COMPILATION_CONDITIONS = DEBUG;
				SWIFT_OPTIMIZATION_LEVEL = "-Onone";
			};
			name = Debug;
		};
		A914CED2209959A700EF8B29 /* Release */ = {
			isa = XCBuildConfiguration;
			buildSettings = {
				ALWAYS_SEARCH_USER_PATHS = NO;
				CLANG_ANALYZER_NONNULL = YES;
				CLANG_ANALYZER_NUMBER_OBJECT_CONVERSION = YES_AGGRESSIVE;
				CLANG_CXX_LANGUAGE_STANDARD = "gnu++14";
				CLANG_CXX_LIBRARY = "libc++";
				CLANG_ENABLE_MODULES = YES;
				CLANG_ENABLE_OBJC_ARC = YES;
				CLANG_WARN_BLOCK_CAPTURE_AUTORELEASING = YES;
				CLANG_WARN_BOOL_CONVERSION = YES;
				CLANG_WARN_COMMA = YES;
				CLANG_WARN_CONSTANT_CONVERSION = YES;
				CLANG_WARN_DIRECT_OBJC_ISA_USAGE = YES_ERROR;
				CLANG_WARN_DOCUMENTATION_COMMENTS = YES;
				CLANG_WARN_EMPTY_BODY = YES;
				CLANG_WARN_ENUM_CONVERSION = YES;
				CLANG_WARN_INFINITE_RECURSION = YES;
				CLANG_WARN_INT_CONVERSION = YES;
				CLANG_WARN_NON_LITERAL_NULL_CONVERSION = YES;
				CLANG_WARN_OBJC_LITERAL_CONVERSION = YES;
				CLANG_WARN_OBJC_ROOT_CLASS = YES_ERROR;
				CLANG_WARN_RANGE_LOOP_ANALYSIS = YES;
				CLANG_WARN_STRICT_PROTOTYPES = YES;
				CLANG_WARN_SUSPICIOUS_MOVE = YES;
				CLANG_WARN_UNGUARDED_AVAILABILITY = YES_AGGRESSIVE;
				CLANG_WARN_UNREACHABLE_CODE = YES;
				CLANG_WARN__DUPLICATE_METHOD_MATCH = YES;
				CODE_SIGN_IDENTITY = "iPhone Developer";
				COPY_PHASE_STRIP = NO;
				DEBUG_INFORMATION_FORMAT = "dwarf-with-dsym";
				ENABLE_NS_ASSERTIONS = NO;
				ENABLE_STRICT_OBJC_MSGSEND = YES;
				GCC_C_LANGUAGE_STANDARD = gnu11;
				GCC_NO_COMMON_BLOCKS = YES;
				GCC_WARN_64_TO_32_BIT_CONVERSION = YES;
				GCC_WARN_ABOUT_RETURN_TYPE = YES_ERROR;
				GCC_WARN_UNDECLARED_SELECTOR = YES;
				GCC_WARN_UNINITIALIZED_AUTOS = YES_AGGRESSIVE;
				GCC_WARN_UNUSED_FUNCTION = YES;
				GCC_WARN_UNUSED_VARIABLE = YES;
				IPHONEOS_DEPLOYMENT_TARGET = 11.2;
				MTL_ENABLE_DEBUG_INFO = NO;
				SDKROOT = iphoneos;
				SWIFT_OPTIMIZATION_LEVEL = "-Owholemodule";
				VALIDATE_PRODUCT = YES;
			};
			name = Release;
		};
		A914CED4209959A700EF8B29 /* Debug */ = {
			isa = XCBuildConfiguration;
			buildSettings = {
				ASSETCATALOG_COMPILER_APPICON_NAME = AppIcon;
				CODE_SIGN_STYLE = Automatic;
				INFOPLIST_FILE = BoutTime/Info.plist;
				LD_RUNPATH_SEARCH_PATHS = "$(inherited) @executable_path/Frameworks";
				PRODUCT_BUNDLE_IDENTIFIER = com.BoutTime;
				PRODUCT_NAME = "$(TARGET_NAME)";
				SWIFT_VERSION = 4.0;
				TARGETED_DEVICE_FAMILY = "1,2";
			};
			name = Debug;
		};
		A914CED5209959A700EF8B29 /* Release */ = {
			isa = XCBuildConfiguration;
			buildSettings = {
				ASSETCATALOG_COMPILER_APPICON_NAME = AppIcon;
				CODE_SIGN_STYLE = Automatic;
				INFOPLIST_FILE = BoutTime/Info.plist;
				LD_RUNPATH_SEARCH_PATHS = "$(inherited) @executable_path/Frameworks";
				PRODUCT_BUNDLE_IDENTIFIER = com.BoutTime;
				PRODUCT_NAME = "$(TARGET_NAME)";
				SWIFT_VERSION = 4.0;
				TARGETED_DEVICE_FAMILY = "1,2";
			};
			name = Release;
		};
/* End XCBuildConfiguration section */

/* Begin XCConfigurationList section */
		A914CEBC209959A700EF8B29 /* Build configuration list for PBXProject "BoutTime" */ = {
			isa = XCConfigurationList;
			buildConfigurations = (
				A914CED1209959A700EF8B29 /* Debug */,
				A914CED2209959A700EF8B29 /* Release */,
			);
			defaultConfigurationIsVisible = 0;
			defaultConfigurationName = Release;
		};
		A914CED3209959A700EF8B29 /* Build configuration list for PBXNativeTarget "BoutTime" */ = {
			isa = XCConfigurationList;
			buildConfigurations = (
				A914CED4209959A700EF8B29 /* Debug */,
				A914CED5209959A700EF8B29 /* Release */,
			);
			defaultConfigurationIsVisible = 0;
			defaultConfigurationName = Release;
		};
/* End XCConfigurationList section */
	};
	rootObject = A914CEB9209959A700EF8B29 /* Project object */;
}
